
Microsoft Visual Studio Solution File, Format Version 12.00
# Visual Studio Version 16
VisualStudioVersion = 16.0.29009.5
MinimumVisualStudioVersion = 10.0.40219.1
Project("{FAE04EC0-301F-11D3-BF4B-00C04F79EFBC}") = "calculator", "calculator\calculator.csproj", "{34104D74-2DD2-45EE-A24B-DE76C31D1DC9}"
EndProject
Global
	GlobalSection(SolutionConfigurationPlatforms) = preSolution
		Debug|Any CPU = Debug|Any CPU
		Release|Any CPU = Release|Any CPU
	EndGlobalSection
	GlobalSection(ProjectConfigurationPlatforms) = postSolution
		{34104D74-2DD2-45EE-A24B-DE76C31D1DC9}.Debug|Any CPU.ActiveCfg = Debug|Any CPU
		{34104D74-2DD2-45EE-A24B-DE76C31D1DC9}.Debug|Any CPU.Build.0 = Debug|Any CPU
		{34104D74-2DD2-45EE-A24B-DE76C31D1DC9}.Release|Any CPU.ActiveCfg = Release|Any CPU
		{34104D74-2DD2-45EE-A24B-DE76C31D1DC9}.Release|Any CPU.Build.0 = Release|Any CPU
	EndGlobalSection
	GlobalSection(SolutionProperties) = preSolution
		HideSolutionNode = FALSE
	EndGlobalSection
	GlobalSection(ExtensibilityGlobals) = postSolution
		SolutionGuid = {32844A63-5C3B-48DF-B2DF-8AB38921F526}
	EndGlobalSection
EndGlobal
